// !$*UTF8*$!
{
	archiveVersion = 1;
	classes = {
	};
	objectVersion = 46;
	objects = {

/* Begin PBXBuildFile section */
		592AD8B30BF18F56F967BBA7 /* Pods_MissionPR.framework in Frameworks */ = {isa = PBXBuildFile; fileRef = 52A80AA58CDD61A549DFD44D /* Pods_MissionPR.framework */; };
		F620011B1EDF3D5B0067A794 /* MainMenuVC.swift in Sources */ = {isa = PBXBuildFile; fileRef = F620011A1EDF3D5B0067A794 /* MainMenuVC.swift */; };
		F620011D1EDF3F9B0067A794 /* Constants.swift in Sources */ = {isa = PBXBuildFile; fileRef = F620011C1EDF3F9B0067A794 /* Constants.swift */; };
		F62001201EDF5D9B0067A794 /* Gym_Location+CoreDataClass.swift in Sources */ = {isa = PBXBuildFile; fileRef = F620011E1EDF5D9B0067A794 /* Gym_Location+CoreDataClass.swift */; };
		F62001211EDF5D9B0067A794 /* Gym_Location+CoreDataProperties.swift in Sources */ = {isa = PBXBuildFile; fileRef = F620011F1EDF5D9B0067A794 /* Gym_Location+CoreDataProperties.swift */; };
		F65D360E1EDFE715006C067A /* Goal_Lift+CoreDataClass.swift in Sources */ = {isa = PBXBuildFile; fileRef = F65D360A1EDFE715006C067A /* Goal_Lift+CoreDataClass.swift */; };
		F65D360F1EDFE715006C067A /* Goal_Lift+CoreDataProperties.swift in Sources */ = {isa = PBXBuildFile; fileRef = F65D360B1EDFE715006C067A /* Goal_Lift+CoreDataProperties.swift */; };
		F65D36101EDFE715006C067A /* Goal_Visits+CoreDataClass.swift in Sources */ = {isa = PBXBuildFile; fileRef = F65D360C1EDFE715006C067A /* Goal_Visits+CoreDataClass.swift */; };
		F65D36111EDFE715006C067A /* Goal_Visits+CoreDataProperties.swift in Sources */ = {isa = PBXBuildFile; fileRef = F65D360D1EDFE715006C067A /* Goal_Visits+CoreDataProperties.swift */; };
		F65D36161EE08FEB006C067A /* AddLiftVC.swift in Sources */ = {isa = PBXBuildFile; fileRef = F65D36151EE08FEB006C067A /* AddLiftVC.swift */; };
		F65D36181EE09055006C067A /* AddRunVC.swift in Sources */ = {isa = PBXBuildFile; fileRef = F65D36171EE09055006C067A /* AddRunVC.swift */; };
		F65D361A1EE090FF006C067A /* AddFoodVC.swift in Sources */ = {isa = PBXBuildFile; fileRef = F65D36191EE090FF006C067A /* AddFoodVC.swift */; };
		F65D361C1EE09124006C067A /* AddVisitVC.swift in Sources */ = {isa = PBXBuildFile; fileRef = F65D361B1EE09124006C067A /* AddVisitVC.swift */; };
		F693E61F1EDF9575002CCE33 /* GraphsVC.swift in Sources */ = {isa = PBXBuildFile; fileRef = F693E61E1EDF9575002CCE33 /* GraphsVC.swift */; };
		F6E07CCF1EDFB21700F53A15 /* LiftGoalCell.swift in Sources */ = {isa = PBXBuildFile; fileRef = F6E07CCE1EDFB21700F53A15 /* LiftGoalCell.swift */; };
		F6F829861EDE2ABE00A2C183 /* AppDelegate.swift in Sources */ = {isa = PBXBuildFile; fileRef = F6F829851EDE2ABE00A2C183 /* AppDelegate.swift */; };
		F6F829881EDE2ABE00A2C183 /* AuthenticationVC.swift in Sources */ = {isa = PBXBuildFile; fileRef = F6F829871EDE2ABE00A2C183 /* AuthenticationVC.swift */; };
		F6F8298B1EDE2ABE00A2C183 /* Main.storyboard in Resources */ = {isa = PBXBuildFile; fileRef = F6F829891EDE2ABE00A2C183 /* Main.storyboard */; };
		F6F8298E1EDE2ABE00A2C183 /* MissionPR.xcdatamodeld in Sources */ = {isa = PBXBuildFile; fileRef = F6F8298C1EDE2ABE00A2C183 /* MissionPR.xcdatamodeld */; };
		F6F829901EDE2ABE00A2C183 /* Assets.xcassets in Resources */ = {isa = PBXBuildFile; fileRef = F6F8298F1EDE2ABE00A2C183 /* Assets.xcassets */; };
		F6F829931EDE2ABE00A2C183 /* LaunchScreen.storyboard in Resources */ = {isa = PBXBuildFile; fileRef = F6F829911EDE2ABE00A2C183 /* LaunchScreen.storyboard */; };
		F6F8299E1EDE306C00A2C183 /* RoundedOutlineView.swift in Sources */ = {isa = PBXBuildFile; fileRef = F6F8299D1EDE306C00A2C183 /* RoundedOutlineView.swift */; };
		F6F829A11EDE344200A2C183 /* LocalAuthentication.framework in Frameworks */ = {isa = PBXBuildFile; fileRef = F6F829A01EDE344200A2C183 /* LocalAuthentication.framework */; };
		F6F829A41EDEA4A300A2C183 /* stencil-army.ttf in Resources */ = {isa = PBXBuildFile; fileRef = F6F829A31EDEA4A300A2C183 /* stencil-army.ttf */; };
		F6FF35D11EE1384C0086C31D /* RunGoalCell.swift in Sources */ = {isa = PBXBuildFile; fileRef = F6FF35D01EE1384C0086C31D /* RunGoalCell.swift */; };
		F6FF35D51EE1E1460086C31D /* GoalMenuVC.swift in Sources */ = {isa = PBXBuildFile; fileRef = F6FF35D41EE1E1460086C31D /* GoalMenuVC.swift */; };
		F6FF35D71EE1FE400086C31D /* RunsVC.swift in Sources */ = {isa = PBXBuildFile; fileRef = F6FF35D61EE1FE400086C31D /* RunsVC.swift */; };
		F6FF35D91EE1FE9E0086C31D /* FoodVC.swift in Sources */ = {isa = PBXBuildFile; fileRef = F6FF35D81EE1FE9E0086C31D /* FoodVC.swift */; };
		F6FF35DB1EE1FEB50086C31D /* VisitVC.swift in Sources */ = {isa = PBXBuildFile; fileRef = F6FF35DA1EE1FEB50086C31D /* VisitVC.swift */; };
/* End PBXBuildFile section */

/* Begin PBXFileReference section */
		336FFB2F87060AE3E2245311 /* Pods-MissionPR.release.xcconfig */ = {isa = PBXFileReference; includeInIndex = 1; lastKnownFileType = text.xcconfig; name = "Pods-MissionPR.release.xcconfig"; path = "Pods/Target Support Files/Pods-MissionPR/Pods-MissionPR.release.xcconfig"; sourceTree = "<group>"; };
		52A80AA58CDD61A549DFD44D /* Pods_MissionPR.framework */ = {isa = PBXFileReference; explicitFileType = wrapper.framework; includeInIndex = 0; path = Pods_MissionPR.framework; sourceTree = BUILT_PRODUCTS_DIR; };
		CE882F1FE23FBA1CD47062E8 /* Pods-MissionPR.debug.xcconfig */ = {isa = PBXFileReference; includeInIndex = 1; lastKnownFileType = text.xcconfig; name = "Pods-MissionPR.debug.xcconfig"; path = "Pods/Target Support Files/Pods-MissionPR/Pods-MissionPR.debug.xcconfig"; sourceTree = "<group>"; };
		F620011A1EDF3D5B0067A794 /* MainMenuVC.swift */ = {isa = PBXFileReference; fileEncoding = 4; lastKnownFileType = sourcecode.swift; path = MainMenuVC.swift; sourceTree = "<group>"; };
		F620011C1EDF3F9B0067A794 /* Constants.swift */ = {isa = PBXFileReference; fileEncoding = 4; lastKnownFileType = sourcecode.swift; path = Constants.swift; sourceTree = "<group>"; };
		F620011E1EDF5D9B0067A794 /* Gym_Location+CoreDataClass.swift */ = {isa = PBXFileReference; fileEncoding = 4; lastKnownFileType = sourcecode.swift; path = "Gym_Location+CoreDataClass.swift"; sourceTree = "<group>"; };
		F620011F1EDF5D9B0067A794 /* Gym_Location+CoreDataProperties.swift */ = {isa = PBXFileReference; fileEncoding = 4; lastKnownFileType = sourcecode.swift; path = "Gym_Location+CoreDataProperties.swift"; sourceTree = "<group>"; };
		F65D360A1EDFE715006C067A /* Goal_Lift+CoreDataClass.swift */ = {isa = PBXFileReference; fileEncoding = 4; lastKnownFileType = sourcecode.swift; path = "Goal_Lift+CoreDataClass.swift"; sourceTree = "<group>"; };
		F65D360B1EDFE715006C067A /* Goal_Lift+CoreDataProperties.swift */ = {isa = PBXFileReference; fileEncoding = 4; lastKnownFileType = sourcecode.swift; path = "Goal_Lift+CoreDataProperties.swift"; sourceTree = "<group>"; };
		F65D360C1EDFE715006C067A /* Goal_Visits+CoreDataClass.swift */ = {isa = PBXFileReference; fileEncoding = 4; lastKnownFileType = sourcecode.swift; path = "Goal_Visits+CoreDataClass.swift"; sourceTree = "<group>"; };
		F65D360D1EDFE715006C067A /* Goal_Visits+CoreDataProperties.swift */ = {isa = PBXFileReference; fileEncoding = 4; lastKnownFileType = sourcecode.swift; path = "Goal_Visits+CoreDataProperties.swift"; sourceTree = "<group>"; };
		F65D36151EE08FEB006C067A /* AddLiftVC.swift */ = {isa = PBXFileReference; fileEncoding = 4; lastKnownFileType = sourcecode.swift; path = AddLiftVC.swift; sourceTree = "<group>"; };
		F65D36171EE09055006C067A /* AddRunVC.swift */ = {isa = PBXFileReference; fileEncoding = 4; lastKnownFileType = sourcecode.swift; path = AddRunVC.swift; sourceTree = "<group>"; };
		F65D36191EE090FF006C067A /* AddFoodVC.swift */ = {isa = PBXFileReference; fileEncoding = 4; lastKnownFileType = sourcecode.swift; path = AddFoodVC.swift; sourceTree = "<group>"; };
		F65D361B1EE09124006C067A /* AddVisitVC.swift */ = {isa = PBXFileReference; fileEncoding = 4; lastKnownFileType = sourcecode.swift; path = AddVisitVC.swift; sourceTree = "<group>"; };
		F693E61E1EDF9575002CCE33 /* GraphsVC.swift */ = {isa = PBXFileReference; fileEncoding = 4; lastKnownFileType = sourcecode.swift; path = GraphsVC.swift; sourceTree = "<group>"; };
		F6E07CCE1EDFB21700F53A15 /* LiftGoalCell.swift */ = {isa = PBXFileReference; fileEncoding = 4; lastKnownFileType = sourcecode.swift; path = LiftGoalCell.swift; sourceTree = "<group>"; };
		F6F829821EDE2ABE00A2C183 /* MissionPR.app */ = {isa = PBXFileReference; explicitFileType = wrapper.application; includeInIndex = 0; path = MissionPR.app; sourceTree = BUILT_PRODUCTS_DIR; };
		F6F829851EDE2ABE00A2C183 /* AppDelegate.swift */ = {isa = PBXFileReference; lastKnownFileType = sourcecode.swift; path = AppDelegate.swift; sourceTree = "<group>"; };
		F6F829871EDE2ABE00A2C183 /* AuthenticationVC.swift */ = {isa = PBXFileReference; lastKnownFileType = sourcecode.swift; path = AuthenticationVC.swift; sourceTree = "<group>"; };
		F6F8298A1EDE2ABE00A2C183 /* Base */ = {isa = PBXFileReference; lastKnownFileType = file.storyboard; name = Base; path = Base.lproj/Main.storyboard; sourceTree = "<group>"; };
		F6F8298D1EDE2ABE00A2C183 /* MissionPR.xcdatamodel */ = {isa = PBXFileReference; lastKnownFileType = wrapper.xcdatamodel; path = MissionPR.xcdatamodel; sourceTree = "<group>"; };
		F6F8298F1EDE2ABE00A2C183 /* Assets.xcassets */ = {isa = PBXFileReference; lastKnownFileType = folder.assetcatalog; path = Assets.xcassets; sourceTree = "<group>"; };
		F6F829921EDE2ABE00A2C183 /* Base */ = {isa = PBXFileReference; lastKnownFileType = file.storyboard; name = Base; path = Base.lproj/LaunchScreen.storyboard; sourceTree = "<group>"; };
		F6F829941EDE2ABE00A2C183 /* Info.plist */ = {isa = PBXFileReference; lastKnownFileType = text.plist.xml; path = Info.plist; sourceTree = "<group>"; };
		F6F8299D1EDE306C00A2C183 /* RoundedOutlineView.swift */ = {isa = PBXFileReference; fileEncoding = 4; lastKnownFileType = sourcecode.swift; path = RoundedOutlineView.swift; sourceTree = "<group>"; };
		F6F829A01EDE344200A2C183 /* LocalAuthentication.framework */ = {isa = PBXFileReference; lastKnownFileType = wrapper.framework; name = LocalAuthentication.framework; path = System/Library/Frameworks/LocalAuthentication.framework; sourceTree = SDKROOT; };
		F6F829A31EDEA4A300A2C183 /* stencil-army.ttf */ = {isa = PBXFileReference; lastKnownFileType = file; path = "stencil-army.ttf"; sourceTree = "<group>"; };
		F6FF35D01EE1384C0086C31D /* RunGoalCell.swift */ = {isa = PBXFileReference; fileEncoding = 4; lastKnownFileType = sourcecode.swift; path = RunGoalCell.swift; sourceTree = "<group>"; };
		F6FF35D41EE1E1460086C31D /* GoalMenuVC.swift */ = {isa = PBXFileReference; fileEncoding = 4; lastKnownFileType = sourcecode.swift; path = GoalMenuVC.swift; sourceTree = "<group>"; };
		F6FF35D61EE1FE400086C31D /* RunsVC.swift */ = {isa = PBXFileReference; fileEncoding = 4; lastKnownFileType = sourcecode.swift; path = RunsVC.swift; sourceTree = "<group>"; };
		F6FF35D81EE1FE9E0086C31D /* FoodVC.swift */ = {isa = PBXFileReference; fileEncoding = 4; lastKnownFileType = sourcecode.swift; path = FoodVC.swift; sourceTree = "<group>"; };
		F6FF35DA1EE1FEB50086C31D /* VisitVC.swift */ = {isa = PBXFileReference; fileEncoding = 4; lastKnownFileType = sourcecode.swift; path = VisitVC.swift; sourceTree = "<group>"; };
/* End PBXFileReference section */

/* Begin PBXFrameworksBuildPhase section */
		F6F8297F1EDE2ABE00A2C183 /* Frameworks */ = {
			isa = PBXFrameworksBuildPhase;
			buildActionMask = 2147483647;
			files = (
				F6F829A11EDE344200A2C183 /* LocalAuthentication.framework in Frameworks */,
				592AD8B30BF18F56F967BBA7 /* Pods_MissionPR.framework in Frameworks */,
			);
			runOnlyForDeploymentPostprocessing = 0;
		};
/* End PBXFrameworksBuildPhase section */

/* Begin PBXGroup section */
		4704A8FF7D19D323B7861C01 /* Pods */ = {
			isa = PBXGroup;
			children = (
				CE882F1FE23FBA1CD47062E8 /* Pods-MissionPR.debug.xcconfig */,
				336FFB2F87060AE3E2245311 /* Pods-MissionPR.release.xcconfig */,
			);
			name = Pods;
			sourceTree = "<group>";
		};
		F62001221EDF5DC40067A794 /* Generated */ = {
			isa = PBXGroup;
			children = (
				F65D360B1EDFE715006C067A /* Goal_Lift+CoreDataProperties.swift */,
				F65D360D1EDFE715006C067A /* Goal_Visits+CoreDataProperties.swift */,
				F620011F1EDF5D9B0067A794 /* Gym_Location+CoreDataProperties.swift */,
			);
			name = Generated;
			sourceTree = "<group>";
		};
		F65D36141EE08FD4006C067A /* Add Controller */ = {
			isa = PBXGroup;
			children = (
				F65D36151EE08FEB006C067A /* AddLiftVC.swift */,
				F65D36171EE09055006C067A /* AddRunVC.swift */,
				F65D36191EE090FF006C067A /* AddFoodVC.swift */,
				F65D361B1EE09124006C067A /* AddVisitVC.swift */,
			);
			name = "Add Controller";
			sourceTree = "<group>";
		};
		F6F829791EDE2ABE00A2C183 = {
			isa = PBXGroup;
			children = (
				F6F829841EDE2ABE00A2C183 /* MissionPR */,
				F6F829831EDE2ABE00A2C183 /* Products */,
				F6F8299F1EDE344100A2C183 /* Frameworks */,
				4704A8FF7D19D323B7861C01 /* Pods */,
			);
			sourceTree = "<group>";
		};
		F6F829831EDE2ABE00A2C183 /* Products */ = {
			isa = PBXGroup;
			children = (
				F6F829821EDE2ABE00A2C183 /* MissionPR.app */,
			);
			name = Products;
			sourceTree = "<group>";
		};
		F6F829841EDE2ABE00A2C183 /* MissionPR */ = {
			isa = PBXGroup;
			children = (
				F6F829A21EDEA47600A2C183 /* Resources */,
				F6F8299A1EDE2D1F00A2C183 /* Model */,
				F6F8299B1EDE2D2D00A2C183 /* View */,
				F6F8299C1EDE2D3900A2C183 /* Controller */,
				F6F829891EDE2ABE00A2C183 /* Main.storyboard */,
				F6F8298F1EDE2ABE00A2C183 /* Assets.xcassets */,
				F6F829851EDE2ABE00A2C183 /* AppDelegate.swift */,
				F6F829911EDE2ABE00A2C183 /* LaunchScreen.storyboard */,
				F6F829941EDE2ABE00A2C183 /* Info.plist */,
				F6F8298C1EDE2ABE00A2C183 /* MissionPR.xcdatamodeld */,
			);
			path = MissionPR;
			sourceTree = "<group>";
		};
		F6F8299A1EDE2D1F00A2C183 /* Model */ = {
			isa = PBXGroup;
			children = (
				F65D360A1EDFE715006C067A /* Goal_Lift+CoreDataClass.swift */,
				F65D360C1EDFE715006C067A /* Goal_Visits+CoreDataClass.swift */,
				F620011E1EDF5D9B0067A794 /* Gym_Location+CoreDataClass.swift */,
				F62001221EDF5DC40067A794 /* Generated */,
			);
			name = Model;
			sourceTree = "<group>";
		};
		F6F8299B1EDE2D2D00A2C183 /* View */ = {
			isa = PBXGroup;
			children = (
				F6F8299D1EDE306C00A2C183 /* RoundedOutlineView.swift */,
				F6E07CCE1EDFB21700F53A15 /* LiftGoalCell.swift */,
				F6FF35D01EE1384C0086C31D /* RunGoalCell.swift */,
			);
			name = View;
			sourceTree = "<group>";
		};
		F6F8299C1EDE2D3900A2C183 /* Controller */ = {
			isa = PBXGroup;
			children = (
				F65D36141EE08FD4006C067A /* Add Controller */,
				F620011A1EDF3D5B0067A794 /* MainMenuVC.swift */,
				F6FF35D41EE1E1460086C31D /* GoalMenuVC.swift */,
				F693E61E1EDF9575002CCE33 /* GraphsVC.swift */,
				F6FF35D61EE1FE400086C31D /* RunsVC.swift */,
				F6FF35D81EE1FE9E0086C31D /* FoodVC.swift */,
				F6FF35DA1EE1FEB50086C31D /* VisitVC.swift */,
				F6F829871EDE2ABE00A2C183 /* AuthenticationVC.swift */,
			);
			name = Controller;
			sourceTree = "<group>";
		};
		F6F8299F1EDE344100A2C183 /* Frameworks */ = {
			isa = PBXGroup;
			children = (
				F6F829A01EDE344200A2C183 /* LocalAuthentication.framework */,
				52A80AA58CDD61A549DFD44D /* Pods_MissionPR.framework */,
			);
			name = Frameworks;
			sourceTree = "<group>";
		};
		F6F829A21EDEA47600A2C183 /* Resources */ = {
			isa = PBXGroup;
			children = (
				F6F829A31EDEA4A300A2C183 /* stencil-army.ttf */,
				F620011C1EDF3F9B0067A794 /* Constants.swift */,
			);
			name = Resources;
			sourceTree = "<group>";
		};
/* End PBXGroup section */

/* Begin PBXNativeTarget section */
		F6F829811EDE2ABE00A2C183 /* MissionPR */ = {
			isa = PBXNativeTarget;
			buildConfigurationList = F6F829971EDE2ABE00A2C183 /* Build configuration list for PBXNativeTarget "MissionPR" */;
			buildPhases = (
				1E7C3268EA2AFFC026722814 /* [CP] Check Pods Manifest.lock */,
				F6F8297E1EDE2ABE00A2C183 /* Sources */,
				F6F8297F1EDE2ABE00A2C183 /* Frameworks */,
				F6F829801EDE2ABE00A2C183 /* Resources */,
				5955BF91F3EFE70FAD2CA2F1 /* [CP] Embed Pods Frameworks */,
				157BB824C6F50D64D126A2BA /* [CP] Copy Pods Resources */,
			);
			buildRules = (
			);
			dependencies = (
			);
			name = MissionPR;
			productName = MissionPR;
			productReference = F6F829821EDE2ABE00A2C183 /* MissionPR.app */;
			productType = "com.apple.product-type.application";
		};
/* End PBXNativeTarget section */

/* Begin PBXProject section */
		F6F8297A1EDE2ABE00A2C183 /* Project object */ = {
			isa = PBXProject;
			attributes = {
				LastSwiftUpdateCheck = 0830;
				LastUpgradeCheck = 0830;
				ORGANIZATIONNAME = "Lane Faison";
				TargetAttributes = {
					F6F829811EDE2ABE00A2C183 = {
						CreatedOnToolsVersion = 8.3.2;
						DevelopmentTeam = 34KC4VR7Y2;
						ProvisioningStyle = Automatic;
					};
				};
			};
			buildConfigurationList = F6F8297D1EDE2ABE00A2C183 /* Build configuration list for PBXProject "MissionPR" */;
			compatibilityVersion = "Xcode 3.2";
			developmentRegion = English;
			hasScannedForEncodings = 0;
			knownRegions = (
				en,
				Base,
			);
			mainGroup = F6F829791EDE2ABE00A2C183;
			productRefGroup = F6F829831EDE2ABE00A2C183 /* Products */;
			projectDirPath = "";
			projectRoot = "";
			targets = (
				F6F829811EDE2ABE00A2C183 /* MissionPR */,
			);
		};
/* End PBXProject section */

/* Begin PBXResourcesBuildPhase section */
		F6F829801EDE2ABE00A2C183 /* Resources */ = {
			isa = PBXResourcesBuildPhase;
			buildActionMask = 2147483647;
			files = (
				F6F829931EDE2ABE00A2C183 /* LaunchScreen.storyboard in Resources */,
				F6F829901EDE2ABE00A2C183 /* Assets.xcassets in Resources */,
				F6F8298B1EDE2ABE00A2C183 /* Main.storyboard in Resources */,
				F6F829A41EDEA4A300A2C183 /* stencil-army.ttf in Resources */,
			);
			runOnlyForDeploymentPostprocessing = 0;
		};
/* End PBXResourcesBuildPhase section */

/* Begin PBXShellScriptBuildPhase section */
		157BB824C6F50D64D126A2BA /* [CP] Copy Pods Resources */ = {
			isa = PBXShellScriptBuildPhase;
			buildActionMask = 2147483647;
			files = (
			);
			inputPaths = (
			);
			name = "[CP] Copy Pods Resources";
			outputPaths = (
			);
			runOnlyForDeploymentPostprocessing = 0;
			shellPath = /bin/sh;
			shellScript = "\"${SRCROOT}/Pods/Target Support Files/Pods-MissionPR/Pods-MissionPR-resources.sh\"\n";
			showEnvVarsInLog = 0;
		};
		1E7C3268EA2AFFC026722814 /* [CP] Check Pods Manifest.lock */ = {
			isa = PBXShellScriptBuildPhase;
			buildActionMask = 2147483647;
			files = (
			);
			inputPaths = (
			);
			name = "[CP] Check Pods Manifest.lock";
			outputPaths = (
			);
			runOnlyForDeploymentPostprocessing = 0;
			shellPath = /bin/sh;
			shellScript = "diff \"${PODS_PODFILE_DIR_PATH}/Podfile.lock\" \"${PODS_ROOT}/Manifest.lock\" > /dev/null\nif [ $? != 0 ] ; then\n    # print error to STDERR\n    echo \"error: The sandbox is not in sync with the Podfile.lock. Run 'pod install' or update your CocoaPods installation.\" >&2\n    exit 1\nfi\n";
			showEnvVarsInLog = 0;
		};
		5955BF91F3EFE70FAD2CA2F1 /* [CP] Embed Pods Frameworks */ = {
			isa = PBXShellScriptBuildPhase;
			buildActionMask = 2147483647;
			files = (
			);
			inputPaths = (
			);
			name = "[CP] Embed Pods Frameworks";
			outputPaths = (
			);
			runOnlyForDeploymentPostprocessing = 0;
			shellPath = /bin/sh;
			shellScript = "\"${SRCROOT}/Pods/Target Support Files/Pods-MissionPR/Pods-MissionPR-frameworks.sh\"\n";
			showEnvVarsInLog = 0;
		};
/* End PBXShellScriptBuildPhase section */

/* Begin PBXSourcesBuildPhase section */
		F6F8297E1EDE2ABE00A2C183 /* Sources */ = {
			isa = PBXSourcesBuildPhase;
			buildActionMask = 2147483647;
			files = (
				F65D361C1EE09124006C067A /* AddVisitVC.swift in Sources */,
				F62001211EDF5D9B0067A794 /* Gym_Location+CoreDataProperties.swift in Sources */,
				F6FF35D51EE1E1460086C31D /* GoalMenuVC.swift in Sources */,
				F6F829881EDE2ABE00A2C183 /* AuthenticationVC.swift in Sources */,
				F65D361A1EE090FF006C067A /* AddFoodVC.swift in Sources */,
				F65D36111EDFE715006C067A /* Goal_Visits+CoreDataProperties.swift in Sources */,
				F65D360E1EDFE715006C067A /* Goal_Lift+CoreDataClass.swift in Sources */,
				F6FF35DB1EE1FEB50086C31D /* VisitVC.swift in Sources */,
				F6FF35D71EE1FE400086C31D /* RunsVC.swift in Sources */,
				F620011B1EDF3D5B0067A794 /* MainMenuVC.swift in Sources */,
				F6FF35D11EE1384C0086C31D /* RunGoalCell.swift in Sources */,
				F65D36101EDFE715006C067A /* Goal_Visits+CoreDataClass.swift in Sources */,
				F6F829861EDE2ABE00A2C183 /* AppDelegate.swift in Sources */,
				F65D360F1EDFE715006C067A /* Goal_Lift+CoreDataProperties.swift in Sources */,
				F65D36181EE09055006C067A /* AddRunVC.swift in Sources */,
				F6F8298E1EDE2ABE00A2C183 /* MissionPR.xcdatamodeld in Sources */,
				F6FF35D91EE1FE9E0086C31D /* FoodVC.swift in Sources */,
				F6F8299E1EDE306C00A2C183 /* RoundedOutlineView.swift in Sources */,
				F65D36161EE08FEB006C067A /* AddLiftVC.swift in Sources */,
				F62001201EDF5D9B0067A794 /* Gym_Location+CoreDataClass.swift in Sources */,
				F620011D1EDF3F9B0067A794 /* Constants.swift in Sources */,
				F6E07CCF1EDFB21700F53A15 /* LiftGoalCell.swift in Sources */,
				F693E61F1EDF9575002CCE33 /* GraphsVC.swift in Sources */,
			);
			runOnlyForDeploymentPostprocessing = 0;
		};
/* End PBXSourcesBuildPhase section */

/* Begin PBXVariantGroup section */
		F6F829891EDE2ABE00A2C183 /* Main.storyboard */ = {
			isa = PBXVariantGroup;
			children = (
				F6F8298A1EDE2ABE00A2C183 /* Base */,
			);
			name = Main.storyboard;
			sourceTree = "<group>";
		};
		F6F829911EDE2ABE00A2C183 /* LaunchScreen.storyboard */ = {
			isa = PBXVariantGroup;
			children = (
				F6F829921EDE2ABE00A2C183 /* Base */,
			);
			name = LaunchScreen.storyboard;
			sourceTree = "<group>";
		};
/* End PBXVariantGroup section */

/* Begin XCBuildConfiguration section */
		F6F829951EDE2ABE00A2C183 /* Debug */ = {
			isa = XCBuildConfiguration;
			buildSettings = {
				ALWAYS_SEARCH_USER_PATHS = NO;
				CLANG_ANALYZER_NONNULL = YES;
				CLANG_ANALYZER_NUMBER_OBJECT_CONVERSION = YES_AGGRESSIVE;
				CLANG_CXX_LANGUAGE_STANDARD = "gnu++0x";
				CLANG_CXX_LIBRARY = "libc++";
				CLANG_ENABLE_MODULES = YES;
				CLANG_ENABLE_OBJC_ARC = YES;
				CLANG_WARN_BOOL_CONVERSION = YES;
				CLANG_WARN_CONSTANT_CONVERSION = YES;
				CLANG_WARN_DIRECT_OBJC_ISA_USAGE = YES_ERROR;
				CLANG_WARN_DOCUMENTATION_COMMENTS = YES;
				CLANG_WARN_EMPTY_BODY = YES;
				CLANG_WARN_ENUM_CONVERSION = YES;
				CLANG_WARN_INFINITE_RECURSION = YES;
				CLANG_WARN_INT_CONVERSION = YES;
				CLANG_WARN_OBJC_ROOT_CLASS = YES_ERROR;
				CLANG_WARN_SUSPICIOUS_MOVE = YES;
				CLANG_WARN_UNREACHABLE_CODE = YES;
				CLANG_WARN__DUPLICATE_METHOD_MATCH = YES;
				"CODE_SIGN_IDENTITY[sdk=iphoneos*]" = "iPhone Developer";
				COPY_PHASE_STRIP = NO;
				DEBUG_INFORMATION_FORMAT = dwarf;
				ENABLE_STRICT_OBJC_MSGSEND = YES;
				ENABLE_TESTABILITY = YES;
				GCC_C_LANGUAGE_STANDARD = gnu99;
				GCC_DYNAMIC_NO_PIC = NO;
				GCC_NO_COMMON_BLOCKS = YES;
				GCC_OPTIMIZATION_LEVEL = 0;
				GCC_PREPROCESSOR_DEFINITIONS = (
					"DEBUG=1",
					"$(inherited)",
				);
				GCC_WARN_64_TO_32_BIT_CONVERSION = YES;
				GCC_WARN_ABOUT_RETURN_TYPE = YES_ERROR;
				GCC_WARN_UNDECLARED_SELECTOR = YES;
				GCC_WARN_UNINITIALIZED_AUTOS = YES_AGGRESSIVE;
				GCC_WARN_UNUSED_FUNCTION = YES;
				GCC_WARN_UNUSED_VARIABLE = YES;
				IPHONEOS_DEPLOYMENT_TARGET = 10.3;
				MTL_ENABLE_DEBUG_INFO = YES;
				ONLY_ACTIVE_ARCH = YES;
				SDKROOT = iphoneos;
				SWIFT_ACTIVE_COMPILATION_CONDITIONS = DEBUG;
				SWIFT_OPTIMIZATION_LEVEL = "-Onone";
			};
			name = Debug;
		};
		F6F829961EDE2ABE00A2C183 /* Release */ = {
			isa = XCBuildConfiguration;
			buildSettings = {
				ALWAYS_SEARCH_USER_PATHS = NO;
				CLANG_ANALYZER_NONNULL = YES;
				CLANG_ANALYZER_NUMBER_OBJECT_CONVERSION = YES_AGGRESSIVE;
				CLANG_CXX_LANGUAGE_STANDARD = "gnu++0x";
				CLANG_CXX_LIBRARY = "libc++";
				CLANG_ENABLE_MODULES = YES;
				CLANG_ENABLE_OBJC_ARC = YES;
				CLANG_WARN_BOOL_CONVERSION = YES;
				CLANG_WARN_CONSTANT_CONVERSION = YES;
				CLANG_WARN_DIRECT_OBJC_ISA_USAGE = YES_ERROR;
				CLANG_WARN_DOCUMENTATION_COMMENTS = YES;
				CLANG_WARN_EMPTY_BODY = YES;
				CLANG_WARN_ENUM_CONVERSION = YES;
				CLANG_WARN_INFINITE_RECURSION = YES;
				CLANG_WARN_INT_CONVERSION = YES;
				CLANG_WARN_OBJC_ROOT_CLASS = YES_ERROR;
				CLANG_WARN_SUSPICIOUS_MOVE = YES;
				CLANG_WARN_UNREACHABLE_CODE = YES;
				CLANG_WARN__DUPLICATE_METHOD_MATCH = YES;
				"CODE_SIGN_IDENTITY[sdk=iphoneos*]" = "iPhone Developer";
				COPY_PHASE_STRIP = NO;
				DEBUG_INFORMATION_FORMAT = "dwarf-with-dsym";
				ENABLE_NS_ASSERTIONS = NO;
				ENABLE_STRICT_OBJC_MSGSEND = YES;
				GCC_C_LANGUAGE_STANDARD = gnu99;
				GCC_NO_COMMON_BLOCKS = YES;
				GCC_WARN_64_TO_32_BIT_CONVERSION = YES;
				GCC_WARN_ABOUT_RETURN_TYPE = YES_ERROR;
				GCC_WARN_UNDECLARED_SELECTOR = YES;
				GCC_WARN_UNINITIALIZED_AUTOS = YES_AGGRESSIVE;
				GCC_WARN_UNUSED_FUNCTION = YES;
				GCC_WARN_UNUSED_VARIABLE = YES;
				IPHONEOS_DEPLOYMENT_TARGET = 10.3;
				MTL_ENABLE_DEBUG_INFO = NO;
				SDKROOT = iphoneos;
				SWIFT_OPTIMIZATION_LEVEL = "-Owholemodule";
				VALIDATE_PRODUCT = YES;
			};
			name = Release;
		};
		F6F829981EDE2ABE00A2C183 /* Debug */ = {
			isa = XCBuildConfiguration;
			baseConfigurationReference = CE882F1FE23FBA1CD47062E8 /* Pods-MissionPR.debug.xcconfig */;
			buildSettings = {
				ASSETCATALOG_COMPILER_APPICON_NAME = AppIcon;
				DEVELOPMENT_TEAM = 34KC4VR7Y2;
				INFOPLIST_FILE = MissionPR/Info.plist;
				LD_RUNPATH_SEARCH_PATHS = "$(inherited) @executable_path/Frameworks";
				PRODUCT_BUNDLE_IDENTIFIER = com.lanefaison.MissionPR;
				PRODUCT_NAME = "$(TARGET_NAME)";
				SWIFT_VERSION = 3.0;
			};
			name = Debug;
		};
		F6F829991EDE2ABE00A2C183 /* Release */ = {
			isa = XCBuildConfiguration;
			baseConfigurationReference = 336FFB2F87060AE3E2245311 /* Pods-MissionPR.release.xcconfig */;
			buildSettings = {
				ASSETCATALOG_COMPILER_APPICON_NAME = AppIcon;
				DEVELOPMENT_TEAM = 34KC4VR7Y2;
				INFOPLIST_FILE = MissionPR/Info.plist;
				LD_RUNPATH_SEARCH_PATHS = "$(inherited) @executable_path/Frameworks";
				PRODUCT_BUNDLE_IDENTIFIER = com.lanefaison.MissionPR;
				PRODUCT_NAME = "$(TARGET_NAME)";
				SWIFT_VERSION = 3.0;
			};
			name = Release;
		};
/* End XCBuildConfiguration section */

/* Begin XCConfigurationList section */
		F6F8297D1EDE2ABE00A2C183 /* Build configuration list for PBXProject "MissionPR" */ = {
			isa = XCConfigurationList;
			buildConfigurations = (
				F6F829951EDE2ABE00A2C183 /* Debug */,
				F6F829961EDE2ABE00A2C183 /* Release */,
			);
			defaultConfigurationIsVisible = 0;
			defaultConfigurationName = Release;
		};
		F6F829971EDE2ABE00A2C183 /* Build configuration list for PBXNativeTarget "MissionPR" */ = {
			isa = XCConfigurationList;
			buildConfigurations = (
				F6F829981EDE2ABE00A2C183 /* Debug */,
				F6F829991EDE2ABE00A2C183 /* Release */,
			);
			defaultConfigurationIsVisible = 0;
			defaultConfigurationName = Release;
		};
/* End XCConfigurationList section */

/* Begin XCVersionGroup section */
		F6F8298C1EDE2ABE00A2C183 /* MissionPR.xcdatamodeld */ = {
			isa = XCVersionGroup;
			children = (
				F6F8298D1EDE2ABE00A2C183 /* MissionPR.xcdatamodel */,
			);
			currentVersion = F6F8298D1EDE2ABE00A2C183 /* MissionPR.xcdatamodel */;
			path = MissionPR.xcdatamodeld;
			sourceTree = "<group>";
			versionGroupType = wrapper.xcdatamodel;
		};
/* End XCVersionGroup section */
	};
	rootObject = F6F8297A1EDE2ABE00A2C183 /* Project object */;
}
